// !$*UTF8*$!
{
	archiveVersion = 1;
	classes = {
	};
	objectVersion = 50;
	objects = {

/* Begin PBXBuildFile section */
		4A050E0B2299758A0055761D /* AppDelegate.swift in Sources */ = {isa = PBXBuildFile; fileRef = 4A050E0A2299758A0055761D /* AppDelegate.swift */; };
		4A050E0D2299758A0055761D /* GameViewController.swift in Sources */ = {isa = PBXBuildFile; fileRef = 4A050E0C2299758A0055761D /* GameViewController.swift */; };
		4A050E102299758A0055761D /* Main.storyboard in Resources */ = {isa = PBXBuildFile; fileRef = 4A050E0E2299758A0055761D /* Main.storyboard */; };
		4A050E122299758C0055761D /* Assets.xcassets in Resources */ = {isa = PBXBuildFile; fileRef = 4A050E112299758C0055761D /* Assets.xcassets */; };
		4A050E152299758C0055761D /* LaunchScreen.storyboard in Resources */ = {isa = PBXBuildFile; fileRef = 4A050E132299758C0055761D /* LaunchScreen.storyboard */; };
		4A050E1E2299A0E70055761D /* Game.swift in Sources */ = {isa = PBXBuildFile; fileRef = 4A050E1D2299A0E70055761D /* Game.swift */; };
		4A050E202299AAD40055761D /* Extensions.swift in Sources */ = {isa = PBXBuildFile; fileRef = 4A050E1F2299AAD40055761D /* Extensions.swift */; };
		4ADA7339229EAEAE00CC2356 /* CardTextProvider.swift in Sources */ = {isa = PBXBuildFile; fileRef = 4ADA7338229EAEAE00CC2356 /* CardTextProvider.swift */; };
		4ADA733B229ECBEB00CC2356 /* WelcomeViewController.swift in Sources */ = {isa = PBXBuildFile; fileRef = 4ADA733A229ECBEB00CC2356 /* WelcomeViewController.swift */; };
		4ADA733D229ED37C00CC2356 /* WinGameViewController.swift in Sources */ = {isa = PBXBuildFile; fileRef = 4ADA733C229ED37C00CC2356 /* WinGameViewController.swift */; };
/* End PBXBuildFile section */

/* Begin PBXFileReference section */
		4A050E072299758A0055761D /* Jogo da Memoria.app */ = {isa = PBXFileReference; explicitFileType = wrapper.application; includeInIndex = 0; path = "Jogo da Memoria.app"; sourceTree = BUILT_PRODUCTS_DIR; };
		4A050E0A2299758A0055761D /* AppDelegate.swift */ = {isa = PBXFileReference; lastKnownFileType = sourcecode.swift; path = AppDelegate.swift; sourceTree = "<group>"; };
		4A050E0C2299758A0055761D /* GameViewController.swift */ = {isa = PBXFileReference; lastKnownFileType = sourcecode.swift; path = GameViewController.swift; sourceTree = "<group>"; };
		4A050E0F2299758A0055761D /* Base */ = {isa = PBXFileReference; lastKnownFileType = file.storyboard; name = Base; path = Base.lproj/Main.storyboard; sourceTree = "<group>"; };
		4A050E112299758C0055761D /* Assets.xcassets */ = {isa = PBXFileReference; lastKnownFileType = folder.assetcatalog; path = Assets.xcassets; sourceTree = "<group>"; };
		4A050E142299758C0055761D /* Base */ = {isa = PBXFileReference; lastKnownFileType = file.storyboard; name = Base; path = Base.lproj/LaunchScreen.storyboard; sourceTree = "<group>"; };
		4A050E162299758C0055761D /* Info.plist */ = {isa = PBXFileReference; lastKnownFileType = text.plist.xml; path = Info.plist; sourceTree = "<group>"; };
		4A050E1D2299A0E70055761D /* Game.swift */ = {isa = PBXFileReference; lastKnownFileType = sourcecode.swift; path = Game.swift; sourceTree = "<group>"; };
		4A050E1F2299AAD40055761D /* Extensions.swift */ = {isa = PBXFileReference; lastKnownFileType = sourcecode.swift; path = Extensions.swift; sourceTree = "<group>"; };
		4ADA7338229EAEAE00CC2356 /* CardTextProvider.swift */ = {isa = PBXFileReference; lastKnownFileType = sourcecode.swift; path = CardTextProvider.swift; sourceTree = "<group>"; };
		4ADA733A229ECBEB00CC2356 /* WelcomeViewController.swift */ = {isa = PBXFileReference; lastKnownFileType = sourcecode.swift; path = WelcomeViewController.swift; sourceTree = "<group>"; };
		4ADA733C229ED37C00CC2356 /* WinGameViewController.swift */ = {isa = PBXFileReference; lastKnownFileType = sourcecode.swift; path = WinGameViewController.swift; sourceTree = "<group>"; };
/* End PBXFileReference section */

/* Begin PBXFrameworksBuildPhase section */
		4A050E042299758A0055761D /* Frameworks */ = {
			isa = PBXFrameworksBuildPhase;
			buildActionMask = 2147483647;
			files = (
			);
			runOnlyForDeploymentPostprocessing = 0;
		};
/* End PBXFrameworksBuildPhase section */

/* Begin PBXGroup section */
		4A050DFE229975890055761D = {
			isa = PBXGroup;
			children = (
				4A050E092299758A0055761D /* Jogo da Memoria */,
				4A050E082299758A0055761D /* Products */,
			);
			sourceTree = "<group>";
		};
		4A050E082299758A0055761D /* Products */ = {
			isa = PBXGroup;
			children = (
				4A050E072299758A0055761D /* Jogo da Memoria.app */,
			);
			name = Products;
			sourceTree = "<group>";
		};
		4A050E092299758A0055761D /* Jogo da Memoria */ = {
			isa = PBXGroup;
			children = (
				4A050E1C2299771D0055761D /* SupportingFiles */,
				4A050E0C2299758A0055761D /* GameViewController.swift */,
				4A050E0E2299758A0055761D /* Main.storyboard */,
				4A050E162299758C0055761D /* Info.plist */,
				4A050E1D2299A0E70055761D /* Game.swift */,
				4A050E1F2299AAD40055761D /* Extensions.swift */,
				4ADA7338229EAEAE00CC2356 /* CardTextProvider.swift */,
				4ADA733A229ECBEB00CC2356 /* WelcomeViewController.swift */,
				4ADA733C229ED37C00CC2356 /* WinGameViewController.swift */,
			);
			path = "Jogo da Memoria";
			sourceTree = "<group>";
		};
		4A050E1C2299771D0055761D /* SupportingFiles */ = {
			isa = PBXGroup;
			children = (
				4A050E0A2299758A0055761D /* AppDelegate.swift */,
				4A050E112299758C0055761D /* Assets.xcassets */,
				4A050E132299758C0055761D /* LaunchScreen.storyboard */,
			);
			path = SupportingFiles;
			sourceTree = "<group>";
		};
/* End PBXGroup section */

/* Begin PBXNativeTarget section */
		4A050E062299758A0055761D /* Jogo da Memoria */ = {
			isa = PBXNativeTarget;
			buildConfigurationList = 4A050E192299758C0055761D /* Build configuration list for PBXNativeTarget "Jogo da Memoria" */;
			buildPhases = (
				4A050E032299758A0055761D /* Sources */,
				4A050E042299758A0055761D /* Frameworks */,
				4A050E052299758A0055761D /* Resources */,
			);
			buildRules = (
			);
			dependencies = (
			);
			name = "Jogo da Memoria";
			productName = "Jogo da Memoria";
			productReference = 4A050E072299758A0055761D /* Jogo da Memoria.app */;
			productType = "com.apple.product-type.application";
		};
/* End PBXNativeTarget section */

/* Begin PBXProject section */
		4A050DFF229975890055761D /* Project object */ = {
			isa = PBXProject;
			attributes = {
				LastSwiftUpdateCheck = 1010;
				LastUpgradeCheck = 1010;
				ORGANIZATIONNAME = "CWI Software";
				TargetAttributes = {
					4A050E062299758A0055761D = {
						CreatedOnToolsVersion = 10.1;
					};
				};
			};
			buildConfigurationList = 4A050E02229975890055761D /* Build configuration list for PBXProject "Jogo da Memoria" */;
			compatibilityVersion = "Xcode 9.3";
			developmentRegion = en;
			hasScannedForEncodings = 0;
			knownRegions = (
				en,
				Base,
			);
			mainGroup = 4A050DFE229975890055761D;
			productRefGroup = 4A050E082299758A0055761D /* Products */;
			projectDirPath = "";
			projectRoot = "";
			targets = (
				4A050E062299758A0055761D /* Jogo da Memoria */,
			);
		};
/* End PBXProject section */

/* Begin PBXResourcesBuildPhase section */
		4A050E052299758A0055761D /* Resources */ = {
			isa = PBXResourcesBuildPhase;
			buildActionMask = 2147483647;
			files = (
				4A050E152299758C0055761D /* LaunchScreen.storyboard in Resources */,
				4A050E122299758C0055761D /* Assets.xcassets in Resources */,
				4A050E102299758A0055761D /* Main.storyboard in Resources */,
			);
			runOnlyForDeploymentPostprocessing = 0;
		};
/* End PBXResourcesBuildPhase section */

/* Begin PBXSourcesBuildPhase section */
		4A050E032299758A0055761D /* Sources */ = {
			isa = PBXSourcesBuildPhase;
			buildActionMask = 2147483647;
			files = (
				4A050E0D2299758A0055761D /* GameViewController.swift in Sources */,
				4ADA7339229EAEAE00CC2356 /* CardTextProvider.swift in Sources */,
				4A050E1E2299A0E70055761D /* Game.swift in Sources */,
				4ADA733B229ECBEB00CC2356 /* WelcomeViewController.swift in Sources */,
				4A050E0B2299758A0055761D /* AppDelegate.swift in Sources */,
				4A050E202299AAD40055761D /* Extensions.swift in Sources */,
				4ADA733D229ED37C00CC2356 /* WinGameViewController.swift in Sources */,
			);
			runOnlyForDeploymentPostprocessing = 0;
		};
/* End PBXSourcesBuildPhase section */

/* Begin PBXVariantGroup section */
		4A050E0E2299758A0055761D /* Main.storyboard */ = {
			isa = PBXVariantGroup;
			children = (
				4A050E0F2299758A0055761D /* Base */,
			);
			name = Main.storyboard;
			sourceTree = "<group>";
		};
		4A050E132299758C0055761D /* LaunchScreen.storyboard */ = {
			isa = PBXVariantGroup;
			children = (
				4A050E142299758C0055761D /* Base */,
			);
			name = LaunchScreen.storyboard;
			sourceTree = "<group>";
		};
/* End PBXVariantGroup section */

/* Begin XCBuildConfiguration section */
		4A050E172299758C0055761D /* Debug */ = {
			isa = XCBuildConfiguration;
			buildSettings = {
				ALWAYS_SEARCH_USER_PATHS = NO;
				CLANG_ANALYZER_NONNULL = YES;
				CLANG_ANALYZER_NUMBER_OBJECT_CONVERSION = YES_AGGRESSIVE;
				CLANG_CXX_LANGUAGE_STANDARD = "gnu++14";
				CLANG_CXX_LIBRARY = "libc++";
				CLANG_ENABLE_MODULES = YES;
				CLANG_ENABLE_OBJC_ARC = YES;
				CLANG_ENABLE_OBJC_WEAK = YES;
				CLANG_WARN_BLOCK_CAPTURE_AUTORELEASING = YES;
				CLANG_WARN_BOOL_CONVERSION = YES;
				CLANG_WARN_COMMA = YES;
				CLANG_WARN_CONSTANT_CONVERSION = YES;
				CLANG_WARN_DEPRECATED_OBJC_IMPLEMENTATIONS = YES;
				CLANG_WARN_DIRECT_OBJC_ISA_USAGE = YES_ERROR;
				CLANG_WARN_DOCUMENTATION_COMMENTS = YES;
				CLANG_WARN_EMPTY_BODY = YES;
				CLANG_WARN_ENUM_CONVERSION = YES;
				CLANG_WARN_INFINITE_RECURSION = YES;
				CLANG_WARN_INT_CONVERSION = YES;
				CLANG_WARN_NON_LITERAL_NULL_CONVERSION = YES;
				CLANG_WARN_OBJC_IMPLICIT_RETAIN_SELF = YES;
				CLANG_WARN_OBJC_LITERAL_CONVERSION = YES;
				CLANG_WARN_OBJC_ROOT_CLASS = YES_ERROR;
				CLANG_WARN_RANGE_LOOP_ANALYSIS = YES;
				CLANG_WARN_STRICT_PROTOTYPES = YES;
				CLANG_WARN_SUSPICIOUS_MOVE = YES;
				CLANG_WARN_UNGUARDED_AVAILABILITY = YES_AGGRESSIVE;
				CLANG_WARN_UNREACHABLE_CODE = YES;
				CLANG_WARN__DUPLICATE_METHOD_MATCH = YES;
				CODE_SIGN_IDENTITY = "iPhone Developer";
				COPY_PHASE_STRIP = NO;
				DEBUG_INFORMATION_FORMAT = dwarf;
				ENABLE_STRICT_OBJC_MSGSEND = YES;
				ENABLE_TESTABILITY = YES;
				GCC_C_LANGUAGE_STANDARD = gnu11;
				GCC_DYNAMIC_NO_PIC = NO;
				GCC_NO_COMMON_BLOCKS = YES;
				GCC_OPTIMIZATION_LEVEL = 0;
				GCC_PREPROCESSOR_DEFINITIONS = (
					"DEBUG=1",
					"$(inherited)",
				);
				GCC_WARN_64_TO_32_BIT_CONVERSION = YES;
				GCC_WARN_ABOUT_RETURN_TYPE = YES_ERROR;
				GCC_WARN_UNDECLARED_SELECTOR = YES;
				GCC_WARN_UNINITIALIZED_AUTOS = YES_AGGRESSIVE;
				GCC_WARN_UNUSED_FUNCTION = YES;
				GCC_WARN_UNUSED_VARIABLE = YES;
				IPHONEOS_DEPLOYMENT_TARGET = 12.1;
				MTL_ENABLE_DEBUG_INFO = INCLUDE_SOURCE;
				MTL_FAST_MATH = YES;
				ONLY_ACTIVE_ARCH = YES;
				SDKROOT = iphoneos;
				SWIFT_ACTIVE_COMPILATION_CONDITIONS = DEBUG;
				SWIFT_OPTIMIZATION_LEVEL = "-Onone";
			};
			name = Debug;
		};
		4A050E182299758C0055761D /* Release */ = {
			isa = XCBuildConfiguration;
			buildSettings = {
				ALWAYS_SEARCH_USER_PATHS = NO;
				CLANG_ANALYZER_NONNULL = YES;
				CLANG_ANALYZER_NUMBER_OBJECT_CONVERSION = YES_AGGRESSIVE;
				CLANG_CXX_LANGUAGE_STANDARD = "gnu++14";
				CLANG_CXX_LIBRARY = "libc++";
				CLANG_ENABLE_MODULES = YES;
				CLANG_ENABLE_OBJC_ARC = YES;
				CLANG_ENABLE_OBJC_WEAK = YES;
				CLANG_WARN_BLOCK_CAPTURE_AUTORELEASING = YES;
				CLANG_WARN_BOOL_CONVERSION = YES;
				CLANG_WARN_COMMA = YES;
				CLANG_WARN_CONSTANT_CONVERSION = YES;
				CLANG_WARN_DEPRECATED_OBJC_IMPLEMENTATIONS = YES;
				CLANG_WARN_DIRECT_OBJC_ISA_USAGE = YES_ERROR;
				CLANG_WARN_DOCUMENTATION_COMMENTS = YES;
				CLANG_WARN_EMPTY_BODY = YES;
				CLANG_WARN_ENUM_CONVERSION = YES;
				CLANG_WARN_INFINITE_RECURSION = YES;
				CLANG_WARN_INT_CONVERSION = YES;
				CLANG_WARN_NON_LITERAL_NULL_CONVERSION = YES;
				CLANG_WARN_OBJC_IMPLICIT_RETAIN_SELF = YES;
				CLANG_WARN_OBJC_LITERAL_CONVERSION = YES;
				CLANG_WARN_OBJC_ROOT_CLASS = YES_ERROR;
				CLANG_WARN_RANGE_LOOP_ANALYSIS = YES;
				CLANG_WARN_STRICT_PROTOTYPES = YES;
				CLANG_WARN_SUSPICIOUS_MOVE = YES;
				CLANG_WARN_UNGUARDED_AVAILABILITY = YES_AGGRESSIVE;
				CLANG_WARN_UNREACHABLE_CODE = YES;
				CLANG_WARN__DUPLICATE_METHOD_MATCH = YES;
				CODE_SIGN_IDENTITY = "iPhone Developer";
				COPY_PHASE_STRIP = NO;
				DEBUG_INFORMATION_FORMAT = "dwarf-with-dsym";
				ENABLE_NS_ASSERTIONS = NO;
				ENABLE_STRICT_OBJC_MSGSEND = YES;
				GCC_C_LANGUAGE_STANDARD = gnu11;
				GCC_NO_COMMON_BLOCKS = YES;
				GCC_WARN_64_TO_32_BIT_CONVERSION = YES;
				GCC_WARN_ABOUT_RETURN_TYPE = YES_ERROR;
				GCC_WARN_UNDECLARED_SELECTOR = YES;
				GCC_WARN_UNINITIALIZED_AUTOS = YES_AGGRESSIVE;
				GCC_WARN_UNUSED_FUNCTION = YES;
				GCC_WARN_UNUSED_VARIABLE = YES;
				IPHONEOS_DEPLOYMENT_TARGET = 12.1;
				MTL_ENABLE_DEBUG_INFO = NO;
				MTL_FAST_MATH = YES;
				SDKROOT = iphoneos;
				SWIFT_COMPILATION_MODE = wholemodule;
				SWIFT_OPTIMIZATION_LEVEL = "-O";
				VALIDATE_PRODUCT = YES;
			};
			name = Release;
		};
		4A050E1A2299758C0055761D /* Debug */ = {
			isa = XCBuildConfiguration;
			buildSettings = {
				ASSETCATALOG_COMPILER_APPICON_NAME = AppIcon;
				CODE_SIGN_STYLE = Automatic;
				DEVELOPMENT_TEAM = FMKV92AS2W;
				INFOPLIST_FILE = "Jogo da Memoria/Info.plist";
				LD_RUNPATH_SEARCH_PATHS = (
					"$(inherited)",
					"@executable_path/Frameworks",
				);
				PRODUCT_BUNDLE_IDENTIFIER = "br.com.cwi.bruno.Jogo-da-Memoria";
				PRODUCT_NAME = "$(TARGET_NAME)";
				SWIFT_VERSION = 4.2;
				TARGETED_DEVICE_FAMILY = "1,2";
			};
			name = Debug;
		};
		4A050E1B2299758C0055761D /* Release */ = {
			isa = XCBuildConfiguration;
			buildSettings = {
				ASSETCATALOG_COMPILER_APPICON_NAME = AppIcon;
				CODE_SIGN_STYLE = Automatic;
				DEVELOPMENT_TEAM = FMKV92AS2W;
				INFOPLIST_FILE = "Jogo da Memoria/Info.plist";
				LD_RUNPATH_SEARCH_PATHS = (
					"$(inherited)",
					"@executable_path/Frameworks",
				);
				PRODUCT_BUNDLE_IDENTIFIER = "br.com.cwi.bruno.Jogo-da-Memoria";
				PRODUCT_NAME = "$(TARGET_NAME)";
				SWIFT_VERSION = 4.2;
				TARGETED_DEVICE_FAMILY = "1,2";
			};
			name = Release;
		};
/* End XCBuildConfiguration section */

/* Begin XCConfigurationList section */
		4A050E02229975890055761D /* Build configuration list for PBXProject "Jogo da Memoria" */ = {
			isa = XCConfigurationList;
			buildConfigurations = (
				4A050E172299758C0055761D /* Debug */,
				4A050E182299758C0055761D /* Release */,
			);
			defaultConfigurationIsVisible = 0;
			defaultConfigurationName = Release;
		};
		4A050E192299758C0055761D /* Build configuration list for PBXNativeTarget "Jogo da Memoria" */ = {
			isa = XCConfigurationList;
			buildConfigurations = (
				4A050E1A2299758C0055761D /* Debug */,
				4A050E1B2299758C0055761D /* Release */,
			);
			defaultConfigurationIsVisible = 0;
			defaultConfigurationName = Release;
		};
/* End XCConfigurationList section */
	};
	rootObject = 4A050DFF229975890055761D /* Project object */;
}
